{
  "name": "ylang-runtime",
  "version": "0.1.0",
  "lockfileVersion": 1,
  "requires": true,
  "dependencies": {
    "little-loader": {
      "version": "0.2.0",
      "resolved": "http://r.tnpm.oa.com/little-loader/download/little-loader-0.2.0.tgz",
      "integrity": "sha1-1XK4QquVq2+rQFcfeVFK1Jq42b0="
    }
  }
}
